
Microsoft Visual Studio Solution File, Format Version 12.00
# Visual Studio Version 17
VisualStudioVersion = 17.2.32616.157
MinimumVisualStudioVersion = 10.0.40219.1
Project("{9A19103F-16F7-4668-BE54-9A1E7A4F7556}") = "video_blog_api", "video_blog_api\video_blog_api.csproj", "{44DB07F1-B0C9-4022-9759-F6C6B93307CE}"
EndProject
Project("{2150E333-8FDC-42A3-9474-1A3956D46DE8}") = "Domain", "Domain", "{C23D1E97-C110-4C20-89BC-CF35C344701A}"
EndProject
Project("{2150E333-8FDC-42A3-9474-1A3956D46DE8}") = "Services", "Services", "{D5C8069F-BA02-4812-AE50-E8B38968A4E6}"
EndProject
Project("{9A19103F-16F7-4668-BE54-9A1E7A4F7556}") = "Services.Interfaces", "Services.Interfaces\Services.Interfaces.csproj", "{C2C5E856-496C-4423-B670-5D3AA62F99DB}"
EndProject
Project("{2150E333-8FDC-42A3-9474-1A3956D46DE8}") = "Infrastructure", "Infrastructure", "{0984273C-1891-4CAC-8545-8FF8BD77B740}"
EndProject
Project("{9A19103F-16F7-4668-BE54-9A1E7A4F7556}") = "Infrastructure.Data", "Infrastructure.Data\Infrastructure.Data.csproj", "{CB0D70E1-AFEF-4631-BFE5-0B313F3F7DC5}"
EndProject
Project("{9A19103F-16F7-4668-BE54-9A1E7A4F7556}") = "Infrastructure.Business", "Infrastructure.Business\Infrastructure.Business.csproj", "{9CA1FE01-D287-4D73-A829-AD6E1D51121A}"
EndProject
Project("{9A19103F-16F7-4668-BE54-9A1E7A4F7556}") = "Domain.Core", "Domain.Core\Domain.Core.csproj", "{1D8E9243-679D-4D05-BC41-6EA29E316344}"
EndProject
Project("{9A19103F-16F7-4668-BE54-9A1E7A4F7556}") = "Domain.Interfaces", "Domain.Interfaces\Domain.Interfaces.csproj", "{4A990013-E26E-4B12-B742-3E39A39446F2}"
EndProject
Project("{9A19103F-16F7-4668-BE54-9A1E7A4F7556}") = "Infrastructure.Repositories", "Infrastructure.Repositories\Infrastructure.Repositories.csproj", "{C29E34C7-7F5C-4750-A879-30BD1F86AB27}"
EndProject
Project("{FAE04EC0-301F-11D3-BF4B-00C04F79EFBC}") = "Services.Implementation", "Services.Implementation\Services.Implementation.csproj", "{39563CEA-BB5C-4ABC-B963-AD4DB59F730B}"
EndProject
Global
	GlobalSection(SolutionConfigurationPlatforms) = preSolution
		Debug|Any CPU = Debug|Any CPU
		Release|Any CPU = Release|Any CPU
	EndGlobalSection
	GlobalSection(ProjectConfigurationPlatforms) = postSolution
		{44DB07F1-B0C9-4022-9759-F6C6B93307CE}.Debug|Any CPU.ActiveCfg = Debug|Any CPU
		{44DB07F1-B0C9-4022-9759-F6C6B93307CE}.Debug|Any CPU.Build.0 = Debug|Any CPU
		{44DB07F1-B0C9-4022-9759-F6C6B93307CE}.Release|Any CPU.ActiveCfg = Release|Any CPU
		{44DB07F1-B0C9-4022-9759-F6C6B93307CE}.Release|Any CPU.Build.0 = Release|Any CPU
		{C2C5E856-496C-4423-B670-5D3AA62F99DB}.Debug|Any CPU.ActiveCfg = Debug|Any CPU
		{C2C5E856-496C-4423-B670-5D3AA62F99DB}.Debug|Any CPU.Build.0 = Debug|Any CPU
		{C2C5E856-496C-4423-B670-5D3AA62F99DB}.Release|Any CPU.ActiveCfg = Release|Any CPU
		{C2C5E856-496C-4423-B670-5D3AA62F99DB}.Release|Any CPU.Build.0 = Release|Any CPU
		{CB0D70E1-AFEF-4631-BFE5-0B313F3F7DC5}.Debug|Any CPU.ActiveCfg = Debug|Any CPU
		{CB0D70E1-AFEF-4631-BFE5-0B313F3F7DC5}.Debug|Any CPU.Build.0 = Debug|Any CPU
		{CB0D70E1-AFEF-4631-BFE5-0B313F3F7DC5}.Release|Any CPU.ActiveCfg = Release|Any CPU
		{CB0D70E1-AFEF-4631-BFE5-0B313F3F7DC5}.Release|Any CPU.Build.0 = Release|Any CPU
		{9CA1FE01-D287-4D73-A829-AD6E1D51121A}.Debug|Any CPU.ActiveCfg = Debug|Any CPU
		{9CA1FE01-D287-4D73-A829-AD6E1D51121A}.Debug|Any CPU.Build.0 = Debug|Any CPU
		{9CA1FE01-D287-4D73-A829-AD6E1D51121A}.Release|Any CPU.ActiveCfg = Release|Any CPU
		{9CA1FE01-D287-4D73-A829-AD6E1D51121A}.Release|Any CPU.Build.0 = Release|Any CPU
		{1D8E9243-679D-4D05-BC41-6EA29E316344}.Debug|Any CPU.ActiveCfg = Debug|Any CPU
		{1D8E9243-679D-4D05-BC41-6EA29E316344}.Debug|Any CPU.Build.0 = Debug|Any CPU
		{1D8E9243-679D-4D05-BC41-6EA29E316344}.Release|Any CPU.ActiveCfg = Release|Any CPU
		{1D8E9243-679D-4D05-BC41-6EA29E316344}.Release|Any CPU.Build.0 = Release|Any CPU
		{4A990013-E26E-4B12-B742-3E39A39446F2}.Debug|Any CPU.ActiveCfg = Debug|Any CPU
		{4A990013-E26E-4B12-B742-3E39A39446F2}.Debug|Any CPU.Build.0 = Debug|Any CPU
		{4A990013-E26E-4B12-B742-3E39A39446F2}.Release|Any CPU.ActiveCfg = Release|Any CPU
		{4A990013-E26E-4B12-B742-3E39A39446F2}.Release|Any CPU.Build.0 = Release|Any CPU
		{C29E34C7-7F5C-4750-A879-30BD1F86AB27}.Debug|Any CPU.ActiveCfg = Debug|Any CPU
		{C29E34C7-7F5C-4750-A879-30BD1F86AB27}.Debug|Any CPU.Build.0 = Debug|Any CPU
		{C29E34C7-7F5C-4750-A879-30BD1F86AB27}.Release|Any CPU.ActiveCfg = Release|Any CPU
		{C29E34C7-7F5C-4750-A879-30BD1F86AB27}.Release|Any CPU.Build.0 = Release|Any CPU
		{39563CEA-BB5C-4ABC-B963-AD4DB59F730B}.Debug|Any CPU.ActiveCfg = Debug|Any CPU
		{39563CEA-BB5C-4ABC-B963-AD4DB59F730B}.Debug|Any CPU.Build.0 = Debug|Any CPU
		{39563CEA-BB5C-4ABC-B963-AD4DB59F730B}.Release|Any CPU.ActiveCfg = Release|Any CPU
		{39563CEA-BB5C-4ABC-B963-AD4DB59F730B}.Release|Any CPU.Build.0 = Release|Any CPU
	EndGlobalSection
	GlobalSection(SolutionProperties) = preSolution
		HideSolutionNode = FALSE
	EndGlobalSection
	GlobalSection(NestedProjects) = preSolution
		{C2C5E856-496C-4423-B670-5D3AA62F99DB} = {D5C8069F-BA02-4812-AE50-E8B38968A4E6}
		{CB0D70E1-AFEF-4631-BFE5-0B313F3F7DC5} = {0984273C-1891-4CAC-8545-8FF8BD77B740}
		{9CA1FE01-D287-4D73-A829-AD6E1D51121A} = {0984273C-1891-4CAC-8545-8FF8BD77B740}
		{1D8E9243-679D-4D05-BC41-6EA29E316344} = {C23D1E97-C110-4C20-89BC-CF35C344701A}
		{4A990013-E26E-4B12-B742-3E39A39446F2} = {C23D1E97-C110-4C20-89BC-CF35C344701A}
		{C29E34C7-7F5C-4750-A879-30BD1F86AB27} = {0984273C-1891-4CAC-8545-8FF8BD77B740}
		{39563CEA-BB5C-4ABC-B963-AD4DB59F730B} = {D5C8069F-BA02-4812-AE50-E8B38968A4E6}
	EndGlobalSection
	GlobalSection(ExtensibilityGlobals) = postSolution
		SolutionGuid = {C8222EEC-3871-49E3-8908-E7332E3C2026}
	EndGlobalSection
EndGlobal
